
Microsoft Visual Studio Solution File, Format Version 12.00
# Visual Studio Version 17
VisualStudioVersion = 17.0.31912.275
MinimumVisualStudioVersion = 10.0.40219.1
Project("{9A19103F-16F7-4668-BE54-9A1E7A4F7556}") = "ncrunch", "ncrunch\ncrunch.csproj", "{1828B771-CCCB-4BB8-8D2F-8E5939461A69}"
EndProject
Project("{9A19103F-16F7-4668-BE54-9A1E7A4F7556}") = "api-minimal", "api-minimal\api-minimal.csproj", "{467A3854-3C9B-4F03-ADF5-700FF4C44EB1}"
EndProject
Global
	GlobalSection(SolutionConfigurationPlatforms) = preSolution
		Debug|Any CPU = Debug|Any CPU
		Release|Any CPU = Release|Any CPU
	EndGlobalSection
	GlobalSection(ProjectConfigurationPlatforms) = postSolution
		{1828B771-CCCB-4BB8-8D2F-8E5939461A69}.Debug|Any CPU.ActiveCfg = Debug|Any CPU
		{1828B771-CCCB-4BB8-8D2F-8E5939461A69}.Debug|Any CPU.Build.0 = Debug|Any CPU
		{1828B771-CCCB-4BB8-8D2F-8E5939461A69}.Release|Any CPU.ActiveCfg = Release|Any CPU
		{1828B771-CCCB-4BB8-8D2F-8E5939461A69}.Release|Any CPU.Build.0 = Release|Any CPU
		{467A3854-3C9B-4F03-ADF5-700FF4C44EB1}.Debug|Any CPU.ActiveCfg = Debug|Any CPU
		{467A3854-3C9B-4F03-ADF5-700FF4C44EB1}.Debug|Any CPU.Build.0 = Debug|Any CPU
		{467A3854-3C9B-4F03-ADF5-700FF4C44EB1}.Release|Any CPU.ActiveCfg = Release|Any CPU
		{467A3854-3C9B-4F03-ADF5-700FF4C44EB1}.Release|Any CPU.Build.0 = Release|Any CPU
	EndGlobalSection
	GlobalSection(SolutionProperties) = preSolution
		HideSolutionNode = FALSE
	EndGlobalSection
	GlobalSection(ExtensibilityGlobals) = postSolution
		SolutionGuid = {2487D13B-C39D-4AE0-8783-B11164505C55}
	EndGlobalSection
EndGlobal
