
Microsoft Visual Studio Solution File, Format Version 12.00
# Visual Studio Version 17
VisualStudioVersion = 17.0.31912.275
MinimumVisualStudioVersion = 10.0.40219.1
Project("{2150E333-8FDC-42A3-9474-1A3956D46DE8}") = "Solution Items", "Solution Items", "{693DBFCE-5FAA-41F6-AB51-6AB1D733138B}"
	ProjectSection(SolutionItems) = preProject
		.gitignore = .gitignore
		kernel.v3.ncrunchsolution = kernel.v3.ncrunchsolution
		LICENSE = LICENSE
		README.md = README.md
	EndProjectSection
EndProject
Project("{9A19103F-16F7-4668-BE54-9A1E7A4F7556}") = "ClassLibrary1", "ClassLibrary1\ClassLibrary1.csproj", "{F57E0F67-3568-42ED-9889-087C1AAC2F14}"
EndProject
Project("{9A19103F-16F7-4668-BE54-9A1E7A4F7556}") = "TestProject1", "TestProject1\TestProject1.csproj", "{DEBBEEE5-F031-4079-B435-379317B9CF3A}"
EndProject
Project("{9A19103F-16F7-4668-BE54-9A1E7A4F7556}") = "WebApplication1", "WebApplication1\WebApplication1.csproj", "{FA5DF027-B02A-4741-8828-B4F92A417D6E}"
EndProject
Project("{151D2E53-A2C4-4D7D-83FE-D05416EBD58E}") = "AzureResourceGroup1", "AzureResourceGroup1\AzureResourceGroup1.deployproj", "{41061B91-4207-4A1A-88EC-6059DEF12963}"
EndProject
Project("{9A19103F-16F7-4668-BE54-9A1E7A4F7556}") = "ConsoleApp1", "ConsoleApp1\ConsoleApp1.csproj", "{11551384-18B3-4B5D-8665-F830B930B3C4}"
EndProject
Project("{FAE04EC0-301F-11D3-BF4B-00C04F79EFBC}") = "BlazorApp1.Server", "BlazorApp1\Server\BlazorApp1.Server.csproj", "{3F523C3E-1F93-4B75-ACCE-4E07283E707F}"
EndProject
Project("{FAE04EC0-301F-11D3-BF4B-00C04F79EFBC}") = "BlazorApp1.Client", "BlazorApp1\Client\BlazorApp1.Client.csproj", "{06277533-8BFA-4BA3-A22F-44388E4D85B5}"
EndProject
Project("{FAE04EC0-301F-11D3-BF4B-00C04F79EFBC}") = "BlazorApp1.Shared", "BlazorApp1\Shared\BlazorApp1.Shared.csproj", "{6C3F754B-28E8-4D29-BCF4-F4E4B0C31547}"
EndProject
Global
	GlobalSection(SolutionConfigurationPlatforms) = preSolution
		Debug|Any CPU = Debug|Any CPU
		Release|Any CPU = Release|Any CPU
	EndGlobalSection
	GlobalSection(ProjectConfigurationPlatforms) = postSolution
		{F57E0F67-3568-42ED-9889-087C1AAC2F14}.Debug|Any CPU.ActiveCfg = Debug|Any CPU
		{F57E0F67-3568-42ED-9889-087C1AAC2F14}.Debug|Any CPU.Build.0 = Debug|Any CPU
		{F57E0F67-3568-42ED-9889-087C1AAC2F14}.Release|Any CPU.ActiveCfg = Release|Any CPU
		{F57E0F67-3568-42ED-9889-087C1AAC2F14}.Release|Any CPU.Build.0 = Release|Any CPU
		{DEBBEEE5-F031-4079-B435-379317B9CF3A}.Debug|Any CPU.ActiveCfg = Debug|Any CPU
		{DEBBEEE5-F031-4079-B435-379317B9CF3A}.Debug|Any CPU.Build.0 = Debug|Any CPU
		{DEBBEEE5-F031-4079-B435-379317B9CF3A}.Release|Any CPU.ActiveCfg = Release|Any CPU
		{DEBBEEE5-F031-4079-B435-379317B9CF3A}.Release|Any CPU.Build.0 = Release|Any CPU
		{FA5DF027-B02A-4741-8828-B4F92A417D6E}.Debug|Any CPU.ActiveCfg = Debug|Any CPU
		{FA5DF027-B02A-4741-8828-B4F92A417D6E}.Debug|Any CPU.Build.0 = Debug|Any CPU
		{FA5DF027-B02A-4741-8828-B4F92A417D6E}.Release|Any CPU.ActiveCfg = Release|Any CPU
		{FA5DF027-B02A-4741-8828-B4F92A417D6E}.Release|Any CPU.Build.0 = Release|Any CPU
		{41061B91-4207-4A1A-88EC-6059DEF12963}.Debug|Any CPU.ActiveCfg = Debug|Any CPU
		{41061B91-4207-4A1A-88EC-6059DEF12963}.Debug|Any CPU.Build.0 = Debug|Any CPU
		{41061B91-4207-4A1A-88EC-6059DEF12963}.Release|Any CPU.ActiveCfg = Release|Any CPU
		{41061B91-4207-4A1A-88EC-6059DEF12963}.Release|Any CPU.Build.0 = Release|Any CPU
		{11551384-18B3-4B5D-8665-F830B930B3C4}.Debug|Any CPU.ActiveCfg = Debug|Any CPU
		{11551384-18B3-4B5D-8665-F830B930B3C4}.Debug|Any CPU.Build.0 = Debug|Any CPU
		{11551384-18B3-4B5D-8665-F830B930B3C4}.Release|Any CPU.ActiveCfg = Release|Any CPU
		{11551384-18B3-4B5D-8665-F830B930B3C4}.Release|Any CPU.Build.0 = Release|Any CPU
		{3F523C3E-1F93-4B75-ACCE-4E07283E707F}.Debug|Any CPU.ActiveCfg = Debug|Any CPU
		{3F523C3E-1F93-4B75-ACCE-4E07283E707F}.Debug|Any CPU.Build.0 = Debug|Any CPU
		{3F523C3E-1F93-4B75-ACCE-4E07283E707F}.Release|Any CPU.ActiveCfg = Release|Any CPU
		{3F523C3E-1F93-4B75-ACCE-4E07283E707F}.Release|Any CPU.Build.0 = Release|Any CPU
		{06277533-8BFA-4BA3-A22F-44388E4D85B5}.Debug|Any CPU.ActiveCfg = Debug|Any CPU
		{06277533-8BFA-4BA3-A22F-44388E4D85B5}.Debug|Any CPU.Build.0 = Debug|Any CPU
		{06277533-8BFA-4BA3-A22F-44388E4D85B5}.Release|Any CPU.ActiveCfg = Release|Any CPU
		{06277533-8BFA-4BA3-A22F-44388E4D85B5}.Release|Any CPU.Build.0 = Release|Any CPU
		{6C3F754B-28E8-4D29-BCF4-F4E4B0C31547}.Debug|Any CPU.ActiveCfg = Debug|Any CPU
		{6C3F754B-28E8-4D29-BCF4-F4E4B0C31547}.Debug|Any CPU.Build.0 = Debug|Any CPU
		{6C3F754B-28E8-4D29-BCF4-F4E4B0C31547}.Release|Any CPU.ActiveCfg = Release|Any CPU
		{6C3F754B-28E8-4D29-BCF4-F4E4B0C31547}.Release|Any CPU.Build.0 = Release|Any CPU
	EndGlobalSection
	GlobalSection(SolutionProperties) = preSolution
		HideSolutionNode = FALSE
	EndGlobalSection
	GlobalSection(ExtensibilityGlobals) = postSolution
		SolutionGuid = {2487D13B-C39D-4AE0-8783-B11164505C55}
	EndGlobalSection
EndGlobal
